PODS:
  - abseil/algorithm (0.20190808):
    - abseil/algorithm/algorithm (= 0.20190808)
    - abseil/algorithm/container (= 0.20190808)
  - abseil/algorithm/algorithm (0.20190808)
  - abseil/algorithm/container (0.20190808):
    - abseil/algorithm/algorithm
    - abseil/base/core_headers
    - abseil/meta/type_traits
  - abseil/base (0.20190808):
    - abseil/base/atomic_hook (= 0.20190808)
    - abseil/base/base (= 0.20190808)
    - abseil/base/base_internal (= 0.20190808)
    - abseil/base/bits (= 0.20190808)
    - abseil/base/config (= 0.20190808)
    - abseil/base/core_headers (= 0.20190808)
    - abseil/base/dynamic_annotations (= 0.20190808)
    - abseil/base/endian (= 0.20190808)
    - abseil/base/log_severity (= 0.20190808)
    - abseil/base/malloc_internal (= 0.20190808)
    - abseil/base/pretty_function (= 0.20190808)
    - abseil/base/spinlock_wait (= 0.20190808)
    - abseil/base/throw_delegate (= 0.20190808)
  - abseil/base/atomic_hook (0.20190808)
  - abseil/base/base (0.20190808):
    - abseil/base/atomic_hook
    - abseil/base/base_internal
    - abseil/base/config
    - abseil/base/core_headers
    - abseil/base/dynamic_annotations
    - abseil/base/log_severity
    - abseil/base/spinlock_wait
    - abseil/meta/type_traits
  - abseil/base/base_internal (0.20190808):
    - abseil/meta/type_traits
  - abseil/base/bits (0.20190808):
    - abseil/base/core_headers
  - abseil/base/config (0.20190808)
  - abseil/base/core_headers (0.20190808):
    - abseil/base/config
  - abseil/base/dynamic_annotations (0.20190808)
  - abseil/base/endian (0.20190808):
    - abseil/base/config
    - abseil/base/core_headers
  - abseil/base/log_severity (0.20190808):
    - abseil/base/core_headers
  - abseil/base/malloc_internal (0.20190808):
    - abseil/base/base
    - abseil/base/config
    - abseil/base/core_headers
    - abseil/base/dynamic_annotations
    - abseil/base/spinlock_wait
  - abseil/base/pretty_function (0.20190808)
  - abseil/base/spinlock_wait (0.20190808):
    - abseil/base/core_headers
  - abseil/base/throw_delegate (0.20190808):
    - abseil/base/base
    - abseil/base/config
  - abseil/memory (0.20190808):
    - abseil/memory/memory (= 0.20190808)
  - abseil/memory/memory (0.20190808):
    - abseil/base/core_headers
    - abseil/meta/type_traits
  - abseil/meta (0.20190808):
    - abseil/meta/type_traits (= 0.20190808)
  - abseil/meta/type_traits (0.20190808):
    - abseil/base/config
  - abseil/numeric/int128 (0.20190808):
    - abseil/base/config
    - abseil/base/core_headers
  - abseil/strings/internal (0.20190808):
    - abseil/base/core_headers
    - abseil/base/endian
    - abseil/meta/type_traits
  - abseil/strings/strings (0.20190808):
    - abseil/base/base
    - abseil/base/bits
    - abseil/base/config
    - abseil/base/core_headers
    - abseil/base/endian
    - abseil/base/throw_delegate
    - abseil/memory/memory
    - abseil/meta/type_traits
    - abseil/numeric/int128
    - abseil/strings/internal
  - abseil/time (0.20190808):
    - abseil/time/internal (= 0.20190808)
    - abseil/time/time (= 0.20190808)
  - abseil/time/internal (0.20190808):
    - abseil/time/internal/cctz (= 0.20190808)
  - abseil/time/internal/cctz (0.20190808):
    - abseil/time/internal/cctz/civil_time (= 0.20190808)
    - abseil/time/internal/cctz/includes (= 0.20190808)
    - abseil/time/internal/cctz/time_zone (= 0.20190808)
  - abseil/time/internal/cctz/civil_time (0.20190808)
  - abseil/time/internal/cctz/includes (0.20190808)
  - abseil/time/internal/cctz/time_zone (0.20190808):
    - abseil/time/internal/cctz/civil_time
  - abseil/time/time (0.20190808):
    - abseil/base/base
    - abseil/base/core_headers
    - abseil/numeric/int128
    - abseil/strings/strings
    - abseil/time/internal/cctz/civil_time
    - abseil/time/internal/cctz/time_zone
  - abseil/types (0.20190808):
    - abseil/types/any (= 0.20190808)
    - abseil/types/bad_any_cast (= 0.20190808)
    - abseil/types/bad_any_cast_impl (= 0.20190808)
    - abseil/types/bad_optional_access (= 0.20190808)
    - abseil/types/bad_variant_access (= 0.20190808)
    - abseil/types/compare (= 0.20190808)
    - abseil/types/optional (= 0.20190808)
    - abseil/types/span (= 0.20190808)
    - abseil/types/variant (= 0.20190808)
  - abseil/types/any (0.20190808):
    - abseil/base/config
    - abseil/base/core_headers
    - abseil/meta/type_traits
    - abseil/types/bad_any_cast
    - abseil/utility/utility
  - abseil/types/bad_any_cast (0.20190808):
    - abseil/base/config
    - abseil/types/bad_any_cast_impl
  - abseil/types/bad_any_cast_impl (0.20190808):
    - abseil/base/base
    - abseil/base/config
  - abseil/types/bad_optional_access (0.20190808):
    - abseil/base/base
    - abseil/base/config
  - abseil/types/bad_variant_access (0.20190808):
    - abseil/base/base
    - abseil/base/config
  - abseil/types/compare (0.20190808):
    - abseil/base/core_headers
    - abseil/meta/type_traits
  - abseil/types/optional (0.20190808):
    - abseil/base/base_internal
    - abseil/base/config
    - abseil/base/core_headers
    - abseil/memory/memory
    - abseil/meta/type_traits
    - abseil/types/bad_optional_access
    - abseil/utility/utility
  - abseil/types/span (0.20190808):
    - abseil/algorithm/algorithm
    - abseil/base/core_headers
    - abseil/base/throw_delegate
    - abseil/meta/type_traits
  - abseil/types/variant (0.20190808):
    - abseil/base/base_internal
    - abseil/base/config
    - abseil/base/core_headers
    - abseil/meta/type_traits
    - abseil/types/bad_variant_access
    - abseil/utility/utility
  - abseil/utility/utility (0.20190808):
    - abseil/base/base_internal
    - abseil/base/config
    - abseil/meta/type_traits
  - AppAuth (1.3.0):
    - AppAuth/Core (= 1.3.0)
    - AppAuth/ExternalUserAgent (= 1.3.0)
  - AppAuth/Core (1.3.0)
  - AppAuth/ExternalUserAgent (1.3.0)
  - boost-for-react-native (1.63.0)
  - BoringSSL-GRPC (0.0.3):
    - BoringSSL-GRPC/Implementation (= 0.0.3)
    - BoringSSL-GRPC/Interface (= 0.0.3)
  - BoringSSL-GRPC/Implementation (0.0.3):
    - BoringSSL-GRPC/Interface (= 0.0.3)
  - BoringSSL-GRPC/Interface (0.0.3)
  - Crashlytics (3.14.0):
    - Fabric (~> 1.10.2)
  - DoubleConversion (1.1.6)
  - Fabric (1.10.2)
  - FBLazyVector (0.61.4)
  - FBReactNativeSpec (0.61.4):
    - Folly (= 2018.10.22.00)
    - RCTRequired (= 0.61.4)
    - RCTTypeSafety (= 0.61.4)
    - React-Core (= 0.61.4)
    - React-jsi (= 0.61.4)
    - ReactCommon/turbomodule/core (= 0.61.4)
  - FBSDKCoreKit (5.8.0):
    - FBSDKCoreKit/Basics (= 5.8.0)
    - FBSDKCoreKit/Core (= 5.8.0)
  - FBSDKCoreKit/Basics (5.8.0)
  - FBSDKCoreKit/Core (5.8.0):
    - FBSDKCoreKit/Basics
  - FBSDKLoginKit (5.8.0):
    - FBSDKLoginKit/Login (= 5.8.0)
  - FBSDKLoginKit/Login (5.8.0):
    - FBSDKCoreKit (~> 5.0)
  - FBSDKShareKit (5.8.0):
    - FBSDKShareKit/Share (= 5.8.0)
  - FBSDKShareKit/Share (5.8.0):
    - FBSDKCoreKit (~> 5.0)
  - Firebase/Analytics (6.14.0):
    - Firebase/Core
  - Firebase/Auth (6.14.0):
    - Firebase/CoreOnly
    - FirebaseAuth (~> 6.4.1)
  - Firebase/Core (6.14.0):
    - Firebase/CoreOnly
    - FirebaseAnalytics (= 6.1.7)
  - Firebase/CoreOnly (6.14.0):
    - FirebaseCore (= 6.5.0)
  - Firebase/Firestore (6.14.0):
    - Firebase/CoreOnly
    - FirebaseFirestore (~> 1.8.2)
  - Firebase/Storage (6.14.0):
    - Firebase/CoreOnly
    - FirebaseStorage (~> 3.4.3)
  - FirebaseAnalytics (6.1.7):
    - FirebaseCore (~> 6.5)
    - FirebaseInstanceID (~> 4.2)
    - GoogleAppMeasurement (= 6.1.7)
    - GoogleUtilities/AppDelegateSwizzler (~> 6.0)
    - GoogleUtilities/MethodSwizzler (~> 6.0)
    - GoogleUtilities/Network (~> 6.0)
    - "GoogleUtilities/NSData+zlib (~> 6.0)"
    - nanopb (= 0.3.9011)
  - FirebaseAuth (6.4.1):
    - FirebaseAuthInterop (~> 1.0)
    - FirebaseCore (~> 6.2)
    - GoogleUtilities/AppDelegateSwizzler (~> 6.2)
    - GoogleUtilities/Environment (~> 6.2)
    - GTMSessionFetcher/Core (~> 1.1)
  - FirebaseAuthInterop (1.0.0)
  - FirebaseCore (6.5.0):
    - FirebaseCoreDiagnostics (~> 1.0)
    - FirebaseCoreDiagnosticsInterop (~> 1.0)
    - GoogleUtilities/Environment (~> 6.4)
    - GoogleUtilities/Logger (~> 6.4)
  - FirebaseCoreDiagnostics (1.1.2):
    - FirebaseCoreDiagnosticsInterop (~> 1.0)
    - GoogleDataTransportCCTSupport (~> 1.0)
    - GoogleUtilities/Environment (~> 6.2)
    - GoogleUtilities/Logger (~> 6.2)
    - nanopb (~> 0.3.901)
  - FirebaseCoreDiagnosticsInterop (1.1.0)
  - FirebaseFirestore (1.8.3):
    - abseil/algorithm (= 0.20190808)
    - abseil/base (= 0.20190808)
    - abseil/memory (= 0.20190808)
    - abseil/meta (= 0.20190808)
    - abseil/strings/strings (= 0.20190808)
    - abseil/time (= 0.20190808)
    - abseil/types (= 0.20190808)
    - FirebaseAuthInterop (~> 1.0)
    - FirebaseCore (~> 6.2)
    - "gRPC-C++ (= 0.0.9)"
    - leveldb-library (~> 1.22)
    - nanopb (~> 0.3.901)
  - FirebaseInstanceID (4.2.8):
    - FirebaseCore (~> 6.5)
    - GoogleUtilities/Environment (~> 6.4)
    - GoogleUtilities/UserDefaults (~> 6.4)
  - FirebaseStorage (3.4.3):
    - FirebaseAuthInterop (~> 1.0)
    - FirebaseCore (~> 6.0)
    - GTMSessionFetcher/Core (~> 1.1)
  - Folly (2018.10.22.00):
    - boost-for-react-native
    - DoubleConversion
    - Folly/Default (= 2018.10.22.00)
    - glog
  - Folly/Default (2018.10.22.00):
    - boost-for-react-native
    - DoubleConversion
    - glog
  - glog (0.3.5)
  - Google-Maps-iOS-Utils (2.1.0):
    - Google-Maps-iOS-Utils/Clustering (= 2.1.0)
    - Google-Maps-iOS-Utils/Geometry (= 2.1.0)
    - Google-Maps-iOS-Utils/Heatmap (= 2.1.0)
    - Google-Maps-iOS-Utils/QuadTree (= 2.1.0)
    - GoogleMaps
  - Google-Maps-iOS-Utils/Clustering (2.1.0):
    - Google-Maps-iOS-Utils/QuadTree
    - GoogleMaps
  - Google-Maps-iOS-Utils/Geometry (2.1.0):
    - GoogleMaps
  - Google-Maps-iOS-Utils/Heatmap (2.1.0):
    - Google-Maps-iOS-Utils/QuadTree
    - GoogleMaps
  - Google-Maps-iOS-Utils/QuadTree (2.1.0):
    - GoogleMaps
  - GoogleAppMeasurement (6.1.7):
    - GoogleUtilities/AppDelegateSwizzler (~> 6.0)
    - GoogleUtilities/MethodSwizzler (~> 6.0)
    - GoogleUtilities/Network (~> 6.0)
    - "GoogleUtilities/NSData+zlib (~> 6.0)"
    - nanopb (= 0.3.9011)
  - GoogleDataTransport (3.2.0)
  - GoogleDataTransportCCTSupport (1.2.3):
    - GoogleDataTransport (~> 3.2)
    - nanopb (~> 0.3.901)
  - GoogleMaps (3.2.0):
    - GoogleMaps/Maps (= 3.2.0)
  - GoogleMaps/Base (3.2.0)
  - GoogleMaps/Maps (3.2.0):
    - GoogleMaps/Base
  - GooglePlaces (3.2.0):
    - GoogleMaps/Base (= 3.2.0)
  - GoogleSignIn (5.0.2):
    - AppAuth (~> 1.2)
    - GTMAppAuth (~> 1.0)
    - GTMSessionFetcher/Core (~> 1.1)
  - GoogleUtilities/AppDelegateSwizzler (6.4.0):
    - GoogleUtilities/Environment
    - GoogleUtilities/Logger
    - GoogleUtilities/Network
  - GoogleUtilities/Environment (6.4.0)
  - GoogleUtilities/Logger (6.4.0):
    - GoogleUtilities/Environment
  - GoogleUtilities/MethodSwizzler (6.4.0):
    - GoogleUtilities/Logger
  - GoogleUtilities/Network (6.4.0):
    - GoogleUtilities/Logger
    - "GoogleUtilities/NSData+zlib"
    - GoogleUtilities/Reachability
  - "GoogleUtilities/NSData+zlib (6.4.0)"
  - GoogleUtilities/Reachability (6.4.0):
    - GoogleUtilities/Logger
  - GoogleUtilities/UserDefaults (6.4.0):
    - GoogleUtilities/Logger
  - "gRPC-C++ (0.0.9)":
    - "gRPC-C++/Implementation (= 0.0.9)"
    - "gRPC-C++/Interface (= 0.0.9)"
  - "gRPC-C++/Implementation (0.0.9)":
    - "gRPC-C++/Interface (= 0.0.9)"
    - gRPC-Core (= 1.21.0)
    - nanopb (~> 0.3)
  - "gRPC-C++/Interface (0.0.9)"
  - gRPC-Core (1.21.0):
    - gRPC-Core/Implementation (= 1.21.0)
    - gRPC-Core/Interface (= 1.21.0)
  - gRPC-Core/Implementation (1.21.0):
    - BoringSSL-GRPC (= 0.0.3)
    - gRPC-Core/Interface (= 1.21.0)
    - nanopb (~> 0.3)
  - gRPC-Core/Interface (1.21.0)
  - GTMAppAuth (1.0.0):
    - AppAuth/Core (~> 1.0)
    - GTMSessionFetcher (~> 1.1)
  - GTMSessionFetcher (1.3.0):
    - GTMSessionFetcher/Full (= 1.3.0)
  - GTMSessionFetcher/Core (1.3.0)
  - GTMSessionFetcher/Full (1.3.0):
    - GTMSessionFetcher/Core (= 1.3.0)
  - leveldb-library (1.22)
  - libwebp (1.1.0):
    - libwebp/demux (= 1.1.0)
    - libwebp/mux (= 1.1.0)
    - libwebp/webp (= 1.1.0)
  - libwebp/demux (1.1.0):
    - libwebp/webp
  - libwebp/mux (1.1.0):
    - libwebp/demux
  - libwebp/webp (1.1.0)
  - nanopb (0.3.9011):
    - nanopb/decode (= 0.3.9011)
    - nanopb/encode (= 0.3.9011)
  - nanopb/decode (0.3.9011)
  - nanopb/encode (0.3.9011)
  - Permission-Camera (2.0.9):
    - RNPermissions
  - Permission-PhotoLibrary (2.0.9):
    - RNPermissions
  - RCTRequired (0.61.4)
  - RCTTypeSafety (0.61.4):
    - FBLazyVector (= 0.61.4)
    - Folly (= 2018.10.22.00)
    - RCTRequired (= 0.61.4)
    - React-Core (= 0.61.4)
  - React (0.61.4):
    - React-Core (= 0.61.4)
    - React-Core/DevSupport (= 0.61.4)
    - React-Core/RCTWebSocket (= 0.61.4)
    - React-RCTActionSheet (= 0.61.4)
    - React-RCTAnimation (= 0.61.4)
    - React-RCTBlob (= 0.61.4)
    - React-RCTImage (= 0.61.4)
    - React-RCTLinking (= 0.61.4)
    - React-RCTNetwork (= 0.61.4)
    - React-RCTSettings (= 0.61.4)
    - React-RCTText (= 0.61.4)
    - React-RCTVibration (= 0.61.4)
  - React-Core (0.61.4):
    - Folly (= 2018.10.22.00)
    - glog
    - React-Core/Default (= 0.61.4)
    - React-cxxreact (= 0.61.4)
    - React-jsi (= 0.61.4)
    - React-jsiexecutor (= 0.61.4)
    - Yoga
  - React-Core/CoreModulesHeaders (0.61.4):
    - Folly (= 2018.10.22.00)
    - glog
    - React-Core/Default
    - React-cxxreact (= 0.61.4)
    - React-jsi (= 0.61.4)
    - React-jsiexecutor (= 0.61.4)
    - Yoga
  - React-Core/Default (0.61.4):
    - Folly (= 2018.10.22.00)
    - glog
    - React-cxxreact (= 0.61.4)
    - React-jsi (= 0.61.4)
    - React-jsiexecutor (= 0.61.4)
    - Yoga
  - React-Core/DevSupport (0.61.4):
    - Folly (= 2018.10.22.00)
    - glog
    - React-Core/Default (= 0.61.4)
    - React-Core/RCTWebSocket (= 0.61.4)
    - React-cxxreact (= 0.61.4)
    - React-jsi (= 0.61.4)
    - React-jsiexecutor (= 0.61.4)
    - React-jsinspector (= 0.61.4)
    - Yoga
  - React-Core/RCTActionSheetHeaders (0.61.4):
    - Folly (= 2018.10.22.00)
    - glog
    - React-Core/Default
    - React-cxxreact (= 0.61.4)
    - React-jsi (= 0.61.4)
    - React-jsiexecutor (= 0.61.4)
    - Yoga
  - React-Core/RCTAnimationHeaders (0.61.4):
    - Folly (= 2018.10.22.00)
    - glog
    - React-Core/Default
    - React-cxxreact (= 0.61.4)
    - React-jsi (= 0.61.4)
    - React-jsiexecutor (= 0.61.4)
    - Yoga
  - React-Core/RCTBlobHeaders (0.61.4):
    - Folly (= 2018.10.22.00)
    - glog
    - React-Core/Default
    - React-cxxreact (= 0.61.4)
    - React-jsi (= 0.61.4)
    - React-jsiexecutor (= 0.61.4)
    - Yoga
  - React-Core/RCTImageHeaders (0.61.4):
    - Folly (= 2018.10.22.00)
    - glog
    - React-Core/Default
    - React-cxxreact (= 0.61.4)
    - React-jsi (= 0.61.4)
    - React-jsiexecutor (= 0.61.4)
    - Yoga
  - React-Core/RCTLinkingHeaders (0.61.4):
    - Folly (= 2018.10.22.00)
    - glog
    - React-Core/Default
    - React-cxxreact (= 0.61.4)
    - React-jsi (= 0.61.4)
    - React-jsiexecutor (= 0.61.4)
    - Yoga
  - React-Core/RCTNetworkHeaders (0.61.4):
    - Folly (= 2018.10.22.00)
    - glog
    - React-Core/Default
    - React-cxxreact (= 0.61.4)
    - React-jsi (= 0.61.4)
    - React-jsiexecutor (= 0.61.4)
    - Yoga
  - React-Core/RCTSettingsHeaders (0.61.4):
    - Folly (= 2018.10.22.00)
    - glog
    - React-Core/Default
    - React-cxxreact (= 0.61.4)
    - React-jsi (= 0.61.4)
    - React-jsiexecutor (= 0.61.4)
    - Yoga
  - React-Core/RCTTextHeaders (0.61.4):
    - Folly (= 2018.10.22.00)
    - glog
    - React-Core/Default
    - React-cxxreact (= 0.61.4)
    - React-jsi (= 0.61.4)
    - React-jsiexecutor (= 0.61.4)
    - Yoga
  - React-Core/RCTVibrationHeaders (0.61.4):
    - Folly (= 2018.10.22.00)
    - glog
    - React-Core/Default
    - React-cxxreact (= 0.61.4)
    - React-jsi (= 0.61.4)
    - React-jsiexecutor (= 0.61.4)
    - Yoga
  - React-Core/RCTWebSocket (0.61.4):
    - Folly (= 2018.10.22.00)
    - glog
    - React-Core/Default (= 0.61.4)
    - React-cxxreact (= 0.61.4)
    - React-jsi (= 0.61.4)
    - React-jsiexecutor (= 0.61.4)
    - Yoga
  - React-CoreModules (0.61.4):
    - FBReactNativeSpec (= 0.61.4)
    - Folly (= 2018.10.22.00)
    - RCTTypeSafety (= 0.61.4)
    - React-Core/CoreModulesHeaders (= 0.61.4)
    - React-RCTImage (= 0.61.4)
    - ReactCommon/turbomodule/core (= 0.61.4)
  - React-cxxreact (0.61.4):
    - boost-for-react-native (= 1.63.0)
    - DoubleConversion
    - Folly (= 2018.10.22.00)
    - glog
    - React-jsinspector (= 0.61.4)
  - React-jsi (0.61.4):
    - boost-for-react-native (= 1.63.0)
    - DoubleConversion
    - Folly (= 2018.10.22.00)
    - glog
    - React-jsi/Default (= 0.61.4)
  - React-jsi/Default (0.61.4):
    - boost-for-react-native (= 1.63.0)
    - DoubleConversion
    - Folly (= 2018.10.22.00)
    - glog
  - React-jsiexecutor (0.61.4):
    - DoubleConversion
    - Folly (= 2018.10.22.00)
    - glog
    - React-cxxreact (= 0.61.4)
    - React-jsi (= 0.61.4)
  - React-jsinspector (0.61.4)
  - react-native-fbsdk (1.1.1):
    - React
    - react-native-fbsdk/Core (= 1.1.1)
    - react-native-fbsdk/Login (= 1.1.1)
    - react-native-fbsdk/Share (= 1.1.1)
  - react-native-fbsdk/Core (1.1.1):
    - FBSDKCoreKit (= 5.8)
    - React
  - react-native-fbsdk/Login (1.1.1):
    - FBSDKLoginKit (= 5.8)
    - React
  - react-native-fbsdk/Share (1.1.1):
    - FBSDKShareKit (= 5.8)
    - React
  - react-native-geolocation (1.4.2):
    - React
  - react-native-google-maps (0.26.1):
    - Google-Maps-iOS-Utils (= 2.1.0)
    - GoogleMaps (= 3.2.0)
    - React
  - react-native-image-picker (1.1.0):
    - React
  - react-native-maps (0.26.1):
    - React
  - react-native-safe-area-context (0.6.1):
    - React
  - react-native-webview (7.5.1):
    - React
  - React-RCTActionSheet (0.61.4):
    - React-Core/RCTActionSheetHeaders (= 0.61.4)
  - React-RCTAnimation (0.61.4):
    - React-Core/RCTAnimationHeaders (= 0.61.4)
  - React-RCTBlob (0.61.4):
    - React-Core/RCTBlobHeaders (= 0.61.4)
    - React-Core/RCTWebSocket (= 0.61.4)
    - React-jsi (= 0.61.4)
    - React-RCTNetwork (= 0.61.4)
  - React-RCTImage (0.61.4):
    - React-Core/RCTImageHeaders (= 0.61.4)
    - React-RCTNetwork (= 0.61.4)
  - React-RCTLinking (0.61.4):
    - React-Core/RCTLinkingHeaders (= 0.61.4)
  - React-RCTNetwork (0.61.4):
    - React-Core/RCTNetworkHeaders (= 0.61.4)
  - React-RCTSettings (0.61.4):
    - React-Core/RCTSettingsHeaders (= 0.61.4)
  - React-RCTText (0.61.4):
    - React-Core/RCTTextHeaders (= 0.61.4)
  - React-RCTVibration (0.61.4):
    - React-Core/RCTVibrationHeaders (= 0.61.4)
  - ReactCommon/jscallinvoker (0.61.4):
    - DoubleConversion
    - Folly (= 2018.10.22.00)
    - glog
    - React-cxxreact (= 0.61.4)
  - ReactCommon/turbomodule/core (0.61.4):
    - DoubleConversion
    - Folly (= 2018.10.22.00)
    - glog
    - React-Core (= 0.61.4)
    - React-cxxreact (= 0.61.4)
    - React-jsi (= 0.61.4)
    - ReactCommon/jscallinvoker (= 0.61.4)
  - RNCAsyncStorage (1.7.1):
    - React
  - RNCMaskedView (0.1.5):
    - React
  - RNFastImage (7.0.2):
    - React
    - SDWebImage (~> 5.0)
    - SDWebImageWebPCoder (~> 0.2.3)
  - RNFirebase (5.6.0):
    - Firebase/Core
    - React
    - RNFirebase/Crashlytics (= 5.6.0)
  - RNFirebase/Crashlytics (5.6.0):
    - Crashlytics
    - Fabric
    - Firebase/Core
    - React
  - RNGestureHandler (1.5.1):
    - React
  - RNGoogleSignin (3.0.4):
    - GoogleSignIn (~> 5.0.0)
    - React
  - RNPermissions (2.0.9):
    - React
  - RNReanimated (1.4.0):
    - React
  - RNScreens (1.0.0-alpha.23):
    - React
  - RNShare (2.0.0):
    - React
  - RNVectorIcons (6.6.0):
    - React
  - SDWebImage (5.4.2):
    - SDWebImage/Core (= 5.4.2)
  - SDWebImage/Core (5.4.2)
  - SDWebImageWebPCoder (0.2.5):
    - libwebp (~> 1.0)
    - SDWebImage/Core (~> 5.0)
  - Yoga (1.14.0)

DEPENDENCIES:
  - DoubleConversion (from `../node_modules/react-native/third-party-podspecs/DoubleConversion.podspec`)
  - FBLazyVector (from `../node_modules/react-native/Libraries/FBLazyVector`)
  - FBReactNativeSpec (from `../node_modules/react-native/Libraries/FBReactNativeSpec`)
  - Firebase/Analytics
  - Firebase/Auth
  - Firebase/Core
  - Firebase/Firestore
  - Firebase/Storage
  - Folly (from `../node_modules/react-native/third-party-podspecs/Folly.podspec`)
  - glog (from `../node_modules/react-native/third-party-podspecs/glog.podspec`)
  - Google-Maps-iOS-Utils
  - GoogleMaps
  - GooglePlaces
  - GoogleSignIn
  - Permission-Camera (from `../node_modules/react-native-permissions/ios/Camera.podspec`)
  - Permission-PhotoLibrary (from `../node_modules/react-native-permissions/ios/PhotoLibrary.podspec`)
  - RCTRequired (from `../node_modules/react-native/Libraries/RCTRequired`)
  - RCTTypeSafety (from `../node_modules/react-native/Libraries/TypeSafety`)
  - React (from `../node_modules/react-native/`)
  - React-Core (from `../node_modules/react-native/`)
  - React-Core/DevSupport (from `../node_modules/react-native/`)
  - React-Core/RCTWebSocket (from `../node_modules/react-native/`)
  - React-CoreModules (from `../node_modules/react-native/React/CoreModules`)
  - React-cxxreact (from `../node_modules/react-native/ReactCommon/cxxreact`)
  - React-jsi (from `../node_modules/react-native/ReactCommon/jsi`)
  - React-jsiexecutor (from `../node_modules/react-native/ReactCommon/jsiexecutor`)
  - React-jsinspector (from `../node_modules/react-native/ReactCommon/jsinspector`)
  - react-native-fbsdk (from `../node_modules/react-native-fbsdk`)
  - "react-native-geolocation (from `../node_modules/@react-native-community/geolocation`)"
  - react-native-google-maps (from `../node_modules/react-native-maps`)
  - react-native-image-picker (from `../node_modules/react-native-image-picker`)
  - react-native-maps (from `../node_modules/react-native-maps`)
  - react-native-safe-area-context (from `../node_modules/react-native-safe-area-context`)
  - react-native-webview (from `../node_modules/react-native-webview`)
  - React-RCTActionSheet (from `../node_modules/react-native/Libraries/ActionSheetIOS`)
  - React-RCTAnimation (from `../node_modules/react-native/Libraries/NativeAnimation`)
  - React-RCTBlob (from `../node_modules/react-native/Libraries/Blob`)
  - React-RCTImage (from `../node_modules/react-native/Libraries/Image`)
  - React-RCTLinking (from `../node_modules/react-native/Libraries/LinkingIOS`)
  - React-RCTNetwork (from `../node_modules/react-native/Libraries/Network`)
  - React-RCTSettings (from `../node_modules/react-native/Libraries/Settings`)
  - React-RCTText (from `../node_modules/react-native/Libraries/Text`)
  - React-RCTVibration (from `../node_modules/react-native/Libraries/Vibration`)
  - ReactCommon/jscallinvoker (from `../node_modules/react-native/ReactCommon`)
  - ReactCommon/turbomodule/core (from `../node_modules/react-native/ReactCommon`)
  - "RNCAsyncStorage (from `../node_modules/@react-native-community/async-storage`)"
  - "RNCMaskedView (from `../node_modules/@react-native-community/masked-view`)"
  - RNFastImage (from `../node_modules/react-native-fast-image`)
  - RNFirebase (from `../node_modules/react-native-firebase/ios`)
  - RNGestureHandler (from `../node_modules/react-native-gesture-handler`)
  - "RNGoogleSignin (from `../node_modules/@react-native-community/google-signin`)"
  - RNPermissions (from `../node_modules/react-native-permissions`)
  - RNReanimated (from `../node_modules/react-native-reanimated`)
  - RNScreens (from `../node_modules/react-native-screens`)
  - RNShare (from `../node_modules/react-native-share`)
  - RNVectorIcons (from `../node_modules/react-native-vector-icons`)
  - Yoga (from `../node_modules/react-native/ReactCommon/yoga`)

SPEC REPOS:
  trunk:
    - abseil
    - AppAuth
    - boost-for-react-native
    - BoringSSL-GRPC
    - Crashlytics
    - Fabric
    - FBSDKCoreKit
    - FBSDKLoginKit
    - FBSDKShareKit
    - Firebase
    - FirebaseAnalytics
    - FirebaseAuth
    - FirebaseAuthInterop
    - FirebaseCore
    - FirebaseCoreDiagnostics
    - FirebaseCoreDiagnosticsInterop
    - FirebaseFirestore
    - FirebaseInstanceID
    - FirebaseStorage
    - Google-Maps-iOS-Utils
    - GoogleAppMeasurement
    - GoogleDataTransport
    - GoogleDataTransportCCTSupport
    - GoogleMaps
    - GooglePlaces
    - GoogleSignIn
    - GoogleUtilities
    - "gRPC-C++"
    - gRPC-Core
    - GTMAppAuth
    - GTMSessionFetcher
    - leveldb-library
    - libwebp
    - nanopb
    - SDWebImage
    - SDWebImageWebPCoder

EXTERNAL SOURCES:
  DoubleConversion:
    :podspec: "../node_modules/react-native/third-party-podspecs/DoubleConversion.podspec"
  FBLazyVector:
    :path: "../node_modules/react-native/Libraries/FBLazyVector"
  FBReactNativeSpec:
    :path: "../node_modules/react-native/Libraries/FBReactNativeSpec"
  Folly:
    :podspec: "../node_modules/react-native/third-party-podspecs/Folly.podspec"
  glog:
    :podspec: "../node_modules/react-native/third-party-podspecs/glog.podspec"
  Permission-Camera:
    :path: "../node_modules/react-native-permissions/ios/Camera.podspec"
  Permission-PhotoLibrary:
    :path: "../node_modules/react-native-permissions/ios/PhotoLibrary.podspec"
  RCTRequired:
    :path: "../node_modules/react-native/Libraries/RCTRequired"
  RCTTypeSafety:
    :path: "../node_modules/react-native/Libraries/TypeSafety"
  React:
    :path: "../node_modules/react-native/"
  React-Core:
    :path: "../node_modules/react-native/"
  React-CoreModules:
    :path: "../node_modules/react-native/React/CoreModules"
  React-cxxreact:
    :path: "../node_modules/react-native/ReactCommon/cxxreact"
  React-jsi:
    :path: "../node_modules/react-native/ReactCommon/jsi"
  React-jsiexecutor:
    :path: "../node_modules/react-native/ReactCommon/jsiexecutor"
  React-jsinspector:
    :path: "../node_modules/react-native/ReactCommon/jsinspector"
  react-native-fbsdk:
    :path: "../node_modules/react-native-fbsdk"
  react-native-geolocation:
    :path: "../node_modules/@react-native-community/geolocation"
  react-native-google-maps:
    :path: "../node_modules/react-native-maps"
  react-native-image-picker:
    :path: "../node_modules/react-native-image-picker"
  react-native-maps:
    :path: "../node_modules/react-native-maps"
  react-native-safe-area-context:
    :path: "../node_modules/react-native-safe-area-context"
  react-native-webview:
    :path: "../node_modules/react-native-webview"
  React-RCTActionSheet:
    :path: "../node_modules/react-native/Libraries/ActionSheetIOS"
  React-RCTAnimation:
    :path: "../node_modules/react-native/Libraries/NativeAnimation"
  React-RCTBlob:
    :path: "../node_modules/react-native/Libraries/Blob"
  React-RCTImage:
    :path: "../node_modules/react-native/Libraries/Image"
  React-RCTLinking:
    :path: "../node_modules/react-native/Libraries/LinkingIOS"
  React-RCTNetwork:
    :path: "../node_modules/react-native/Libraries/Network"
  React-RCTSettings:
    :path: "../node_modules/react-native/Libraries/Settings"
  React-RCTText:
    :path: "../node_modules/react-native/Libraries/Text"
  React-RCTVibration:
    :path: "../node_modules/react-native/Libraries/Vibration"
  ReactCommon:
    :path: "../node_modules/react-native/ReactCommon"
  RNCAsyncStorage:
    :path: "../node_modules/@react-native-community/async-storage"
  RNCMaskedView:
    :path: "../node_modules/@react-native-community/masked-view"
  RNFastImage:
    :path: "../node_modules/react-native-fast-image"
  RNFirebase:
    :path: "../node_modules/react-native-firebase/ios"
  RNGestureHandler:
    :path: "../node_modules/react-native-gesture-handler"
  RNGoogleSignin:
    :path: "../node_modules/@react-native-community/google-signin"
  RNPermissions:
    :path: "../node_modules/react-native-permissions"
  RNReanimated:
    :path: "../node_modules/react-native-reanimated"
  RNScreens:
    :path: "../node_modules/react-native-screens"
  RNShare:
    :path: "../node_modules/react-native-share"
  RNVectorIcons:
    :path: "../node_modules/react-native-vector-icons"
  Yoga:
    :path: "../node_modules/react-native/ReactCommon/yoga"

SPEC CHECKSUMS:
  abseil: 18063d773f5366ff8736a050fe035a28f635fd27
  AppAuth: 73574f3013a1e65b9601a3ddc8b3158cce68c09d
  boost-for-react-native: 39c7adb57c4e60d6c5479dd8623128eb5b3f0f2c
  BoringSSL-GRPC: db8764df3204ccea016e1c8dd15d9a9ad63ff318
  Crashlytics: 540b7e5f5da5a042647227a5e3ac51d85eed06df
  DoubleConversion: 5805e889d232975c086db112ece9ed034df7a0b2
  Fabric: 706c8b8098fff96c33c0db69cbf81f9c551d0d74
  FBLazyVector: feb35a6b7f7b50f367be07f34012f34a79282fa3
  FBReactNativeSpec: 51477b84b1bf7ab6f9ef307c24e3dd675391be44
  FBSDKCoreKit: e7dcac0aabcfb09d0166998edd95fe3b05a0ce5d
  FBSDKLoginKit: 1b0cf04df0370b37404213157b060d6666ede814
  FBSDKShareKit: abc29e1bb4f9f59f679adf1ae191006d68455f96
  Firebase: 0219bb4782eb1406f1b9b0628a2e625484ce910d
  FirebaseAnalytics: f68b9f3f1241385129ae0a83b63627fc420c05e5
  FirebaseAuth: 831577b184ecaba38bc886768c1c22a450cc44e3
  FirebaseAuthInterop: 0ffa57668be100582bb7643d4fcb7615496c41fc
  FirebaseCore: 632e05cc5e1199d9147122c16d92305eb04c34bd
  FirebaseCoreDiagnostics: 511f4f3ed7d440bb69127e8b97c2bc8befae639e
  FirebaseCoreDiagnosticsInterop: e9b1b023157e3a2fc6418b5cb601e79b9af7b3a0
  FirebaseFirestore: 52120e2833f804a874ba1a9f59aab864a8ae2286
  FirebaseInstanceID: ce993a3c3670a8f5d47ce371ac5d143c560608c5
  FirebaseStorage: 93fe2f8190a01bfb2b2c4932df7d679744c4ef1d
  Folly: 30e7936e1c45c08d884aa59369ed951a8e68cf51
  glog: 1f3da668190260b06b429bb211bfbee5cd790c28
  Google-Maps-iOS-Utils: c32891ff472eaaa1fca032beedafa1a013af7875
  GoogleAppMeasurement: db118eb61a97dd8c4f7014e368d3c335cbbcf80a
  GoogleDataTransport: 8e9b210c97d55fbff306cc5468ff91b9cb32dcf5
  GoogleDataTransportCCTSupport: 202d7cdf9c4a7d81a2bb7f7e7e1ba6faa421b1f2
  GoogleMaps: 5046d7edfe381c1a0b20fdaf293915a375c3122b
  GooglePlaces: 41bc2e480816b1234a48f4bec92e1c886f37cfe1
  GoogleSignIn: 7137d297ddc022a7e0aa4619c86d72c909fa7213
  GoogleUtilities: 29bd0d8f850efbd28cff6d99e8b7da1f8d236bcf
  "gRPC-C++": 9dfe7b44821e7b3e44aacad2af29d2c21f7cde83
  gRPC-Core: c9aef9a261a1247e881b18059b84d597293c9947
  GTMAppAuth: 4deac854479704f348309e7b66189e604cf5e01e
  GTMSessionFetcher: 43b8b64263023d4f32caa0b40f4c8bfa3c5f36d8
  leveldb-library: 55d93ee664b4007aac644a782d11da33fba316f7
  libwebp: 946cb3063cea9236285f7e9a8505d806d30e07f3
  nanopb: 18003b5e52dab79db540fe93fe9579f399bd1ccd
  Permission-Camera: b0fec577b27488314a885f9c74433e02f3585b9b
  Permission-PhotoLibrary: 51718ddf8c0baf1cebf323c68cedcb2ff0cf304a
  RCTRequired: f3b3fb6f4723e8e52facb229d0c75fdc76773849
  RCTTypeSafety: 2ec60de6abb1db050b56ecc4b60188026078fd10
  React: 10e0130b57e55a7cd8c3dee37c1261102ce295f4
  React-Core: 636212410772d05f3a1eb79d965df2962ca1c70b
  React-CoreModules: 6f70d5e41919289c582f88c9ad9923fe5c87400a
  React-cxxreact: ddecbe9157ec1743f52ea17bf8d95debc0d6e846
  React-jsi: ca921f4041505f9d5197139b2d09eeb020bb12e8
  React-jsiexecutor: 8dfb73b987afa9324e4009bdce62a18ce23d983c
  React-jsinspector: d15478d0a8ada19864aa4d1cc1c697b41b3fa92f
  react-native-fbsdk: b94a83971c496a35803f38b921aec6d637ba07b5
  react-native-geolocation: 79c743ad7a2e86617811ef23f49308824e92520c
  react-native-google-maps: 2e2e697dab576abd5809d78cd74e775865b62bf7
  react-native-image-picker: 3637d63fef7e32a230141ab4660d3ceb773c824f
  react-native-maps: 6e499eee4eabf422ba8b6f94e993cc768bf35153
  react-native-safe-area-context: 66dcc0f2792b43479bffe0450dab8eac47d3fcee
  react-native-webview: b7ad1323338cb52e370bb07d6141308953ff2440
  React-RCTActionSheet: 7369b7c85f99b6299491333affd9f01f5a130c22
  React-RCTAnimation: d07be15b2bd1d06d89417eb0343f98ffd2b099a7
  React-RCTBlob: 8e0b23d95c9baa98f6b0e127e07666aaafd96c34
  React-RCTImage: 443050d14a66e8c2332e9c055f45689d23e15cc7
  React-RCTLinking: ce9a90ba155aec41be49e75ec721bbae2d48a47e
  React-RCTNetwork: 41fe54bacc67dd00e6e4c4d30dd98a13e4beabc8
  React-RCTSettings: 45e3e0a6470310b2dab2ccc6d1d73121ba3ea936
  React-RCTText: 21934e0a51d522abcd0a275407e80af45d6fd9ec
  React-RCTVibration: 0f76400ee3cec6edb9c125da49fed279340d145a
  ReactCommon: a6a294e7028ed67b926d29551aa9394fd989c24c
  RNCAsyncStorage: 8539fc80a0075fcc9c8e2dff84cd22dc5bf1dacf
  RNCMaskedView: c8b53164b85ecf94c9a44d67082df0f03c1f74cc
  RNFastImage: 9b0c22643872bb7494c8d87bbbb66cc4c0d9e7a2
  RNFirebase: 37daa9a346d070f9f6ee1f3b4aaf4c8e3b1d5d1c
  RNGestureHandler: 7add966bb5d90ee8cf38d4341f87814474357972
  RNGoogleSignin: a00f87261ea13df9a5cea8deafa6927d6f2c3562
  RNPermissions: 6db7e0a4d94c9c02390d11020b1d3d187aaf77e5
  RNReanimated: b2ab0b693dddd2339bd2f300e770f6302d2e960c
  RNScreens: f28b48b8345f2f5f39ed6195518291515032a788
  RNShare: 8b171d4b43c1d886917fdd303bf7a4b87167b05c
  RNVectorIcons: 0bb4def82230be1333ddaeee9fcba45f0b288ed4
  SDWebImage: 4ca2dc4eefae4224bea8f504251cda485a363745
  SDWebImageWebPCoder: 947093edd1349d820c40afbd9f42acb6cdecd987
  Yoga: ba3d99dbee6c15ea6bbe3783d1f0cb1ffb79af0f

PODFILE CHECKSUM: 22ac6bef3cb97f407d432df35fef2360a0318613

COCOAPODS: 1.8.4
